github.com/andybalholm/brotli v1.0.2/go.mod h1:loMXtMfwqflxFJPmdbJO0a3KNoPuLBgiu3qAvBg8x/Y=
github.com/andybalholm/brotli v1.0.3 h1:fpcw+r1N1h0Poc1F/pHbW40cUm/lMEQslZtCkBQ0UnM=
github.com/andybalholm/brotli v1.0.3/go.mod h1:fO7iG3H7G2nSZ7m0zPUDn85XEX2GTukHGRSepvi9Eig=
github.com/antlr/antlr4 v0.0.0-20181218183524-be58ebffde8e h1:yxMh4HIdsSh2EqxUESWvzszYMNzOugRyYCeohfwNULM=
github.com/antlr/antlr4 v0.0.0-20181218183524-be58ebffde8e/go.mod h1:T7PbCXFs94rrTttyxjbyT5+/1V8T2TYDejxUfHJjw1Y=
github.com/aws/aws-dax-go v1.2.8 h1:x+cNuH7dObHmttoVZAIQcrmHvBkNV/H0DL0bMzKODRE=
github.com/aws/aws-dax-go v1.2.8/go.mod h1:78PbcdExf3oBRiLOHz0+Zaa8+07R1j6iIrvGb6JglNc=
github.com/aws/aws-sdk-go v1.36.22 h1:kkQdiotYI9RlGoAoMPbQyHKsl9oyT+vz/w2cN6EUZKs=
github.com/aws/aws-sdk-go v1.36.22/go.mod h1:hcU610XS61/+aQV88ixoOzUoG7v3b31pl2zKMmprdro=
github.com/aws/aws-sdk-go v1.38.0 h1:mqnmtdW8rGIQmp2d0WRFLua0zW0Pel0P6/vd3gJuViY=
github.com/aws/aws-sdk-go v1.38.0/go.mod h1:hcU610XS61/+aQV88ixoOzUoG7v3b31pl2zKMmprdro=
github.com/aws/aws-sdk-go-v2 v1.6.0/go.mod h1:tI4KhsR5VkzlUa2DZAdwx7wCAYGwkZZ1H31PYrBFx1w=
github.com/aws/aws-sdk-go-v2 v1.9.1 h1:ZbovGV/qo40nrOJ4q8G33AGICzaPI45FHQWJ9650pF4=
github.com/aws/aws-sdk-go-v2 v1.9.1/go.mod h1:cK/D0BBs0b/oWPIcX/Z/obahJK1TT7IPVjy53i/mX/4=
github.com/aws/aws-sdk-go-v2/config v1.8.2 h1:Dqy4ySXFmulRmZhfynm/5CD4Y6aXiTVhDtXLIuUe/r0=
github.com/aws/aws-sdk-go-v2/config v1.8.2/go.mod h1:r0bkX9NyuCuf28qVcsEMtpAQibT7gA1Q0gzkjvgJdLU=
github.com/aws/aws-sdk-go-v2/credentials v1.4.2 h1:8kVE4Og6wlhVrMGiORQ3p9gRj2exjzhFRB+QzWBUa5Q=
github.com/aws/aws-sdk-go-v2/credentials v1.4.2/go.mod h1:9Sp6u121/f0NnvHyhG7dgoYeUTEFC2vsvJqJ6wXpkaI=
github.com/aws/aws-sdk-go-v2/feature/dynamodb/attributevalue v1.2.1 h1:Kej3X+Kwa4jrHqQ5+z88G4o+LTQVO8tS9MrNERvcGhw=
github.com/aws/aws-sdk-go-v2/feature/dynamodb/attributevalue v1.2.1/go.mod h1:XlRqj8WpUTz+vnmFI491BioEBM6Pcvncnp0GEZWx1pE=
github.com/aws/aws-sdk-go-v2/feature/ec2/imds v1.5.1 h1:Nm+BxqBtT0r+AnD6byGMCGT4Km0QwHBy8mAYptNPXY4=
github.com/aws/aws-sdk-go-v2/feature/ec2/imds v1.5.1/go.mod h1:W1ldHfsgeGlKpJ4xZMKZUI6Wmp6EAstU7PxnhbXWWrI=
github.com/aws/aws-sdk-go-v2/internal/configsources v1.0.5 h1:8ig5Qy3YnsMGbfPBUxiwo1rKbNohlFxsMLiX+XIz1YE=
github.com/aws/aws-sdk-go-v2/internal/configsources v1.0.5/go.mod h1:qAHnlYl9sMN7zmlWCFhmrUtMXe+rluOJUgaIFgObXvo=
github.com/aws/aws-sdk-go-v2/internal/ini v1.2.3 h1:NnXJXUz7oihrSlPKEM0yZ19b+7GQ47MX/LluLlEyE/Y=
github.com/aws/aws-sdk-go-v2/internal/ini v1.2.3/go.mod h1:EES9ToeC3h063zCFDdqWGnARExNdULPaBvARm1FLwxA=
github.com/aws/aws-sdk-go-v2/service/dynamodb v1.3.1/go.mod h1:zL1ZppTfOSWcDLRURlZn9w4Wl0jceSBF5PoUXa1amYc=
github.com/aws/aws-sdk-go-v2/service/dynamodb v1.5.1 h1:kFNLgBc41n1EPcgAzHRpNXiih0xGqHzDJTvg6JBVCUA=
github.com/aws/aws-sdk-go-v2/service/dynamodb v1.5.1/go.mod h1:cE6kNzPMNj8ID5OCS8T2sVnZNgPRiaJ7RRvpdCiIOUA=
github.com/aws/aws-sdk-go-v2/service/dynamodbstreams v1.4.1 h1:ud64JyZ5ky7hOUS2FcCdjEgj/wdEpWQU+FWtYQDZxKk=
github.com/aws/aws-sdk-go-v2/service/dynamodbstreams v1.4.1/go.mod h1:wfV8j99smopWccTDZb7nYn7eo8c2qlteqf/F08H6Dh8=
github.com/aws/aws-sdk-go-v2/service/internal/accept-encoding v1.1.0/go.mod h1:zdjOOy0ojUn3iNELo6ycIHSMCp4xUbycSHfb8PnbbyM=
github.com/aws/aws-sdk-go-v2/service/internal/accept-encoding v1.3.0 h1:gceOysEWNNwLd6cki65IMBZ4WAM0MwgBQq2n7kejoT8=
github.com/aws/aws-sdk-go-v2/service/internal/accept-encoding v1.3.0/go.mod h1:v8ygadNyATSm6elwJ/4gzJwcFhri9RqS8skgHKiwXPU=
github.com/aws/aws-sdk-go-v2/service/internal/endpoint-discovery v1.1.1 h1:MzX4O+nYfcHbpgk4GgXSSc3koenQ0ShxzK3qu4crZRw=
github.com/aws/aws-sdk-go-v2/service/internal/endpoint-discovery v1.1.1/go.mod h1:CStcbRap+CGgI5IYfxM7DI9HSUTQX9jeGzav433hJ9M=
github.com/aws/aws-sdk-go-v2/service/internal/presigned-url v1.3.1 h1:APEjhKZLFlNVLATnA/TJyA+w1r/xd5r5ACWBDZ9aIvc=
github.com/aws/aws-sdk-go-v2/service/internal/presigned-url v1.3.1/go.mod h1:Ve+eJOx9UWaT/lMVebnFhDhO49fSLVedHoA82+Rqme0=
github.com/aws/aws-sdk-go-v2/service/sso v1.4.1 h1:RfgQyv3bFT2Js6XokcrNtTjQ6wAVBRpoCgTFsypihHA=
github.com/aws/aws-sdk-go-v2/service/sso v1.4.1/go.mod h1:ycPdbJZlM0BLhuBnd80WX9PucWPG88qps/2jl9HugXs=
github.com/aws/aws-sdk-go-v2/service/sts v1.7.1 h1:7ce9ugapSgBapwLhg7AJTqKW5U92VRX3vX65k2tsB+g=
github.com/aws/aws-sdk-go-v2/service/sts v1.7.1/go.mod h1:r1i8QwKPzwByXqZb3POQfBs7jozrdnHz8PVbsvyx73w=
github.com/aws/smithy-go v1.4.0/go.mod h1:SObp3lf9smib00L/v3U2eAKG8FyQ7iLrJnQiAmR5n+E=
github.com/aws/smithy-go v1.8.0 h1:AEwwwXQZtUwP5Mz506FeXXrKBe0jA8gVM+1gEcSRooc=
github.com/aws/smithy-go v1.8.0/go.mod h1:SObp3lf9smib00L/v3U2eAKG8FyQ7iLrJnQiAmR5n+E=
github.com/cenkalti/backoff v2.1.1+incompatible h1:tKJnvO2kl0zmb/jA5UKAt4VoEVw1qxKWjE/Bpp46npY=
github.com/cenkalti/backoff v2.1.1+incompatible/go.mod h1:90ReRw6GdpyfrHakVjL/QHaoyV4aDUVVkXQJJJ3NXXM=
github.com/davecgh/go-spew v1.1.0/go.mod h1:J7Y8YcW2NihsgmVo/mv3lAwl/skON4iLHjSsI+c5H38=
github.com/go-sql-driver/mysql v1.5.0/go.mod h1:DCzpHaOWr8IXmIStZouvnhqoel9Qv2LBy8hT2VhHyBg=
github.com/gofiber/fiber/v2 v2.18.0 h1:xCWYSVoTNibHpzfciPwUSZGiTyTpTXYchCwynuJU09s=
github.com/gofiber/fiber/v2 v2.18.0/go.mod h1:/LdZHMUXZvTTo7gU4+b1hclqCAdoQphNQ9bi9gutPyI=
github.com/gofrs/uuid v3.2.0+incompatible/go.mod h1:b2aQJv3Z4Fp6yNu3cdSllBxTCLRxnplIgP/c0N/04lM=
github.com/gofrs/uuid v3.3.0+incompatible h1:8K4tyRfvU1CYPgJsveYFQMhpFd/wXNM7iK6rR7UHz84=
github.com/gofrs/uuid v3.3.0+incompatible/go.mod h1:b2aQJv3Z4Fp6yNu3cdSllBxTCLRxnplIgP/c0N/04lM=
github.com/golang/snappy v0.0.3/go.mod h1:/XxbfmMg8lxefKM7IXC3fBNl/7bRcc72aCRzEWrmP2Q=
github.com/google/go-cmp v0.5.4/go.mod h1:v8dTdLbMG2kIc/vJvl+f65V22dbkXbowE6jgT/gNBxE=
github.com/google/go-cmp v0.5.6/go.mod h1:v8dTdLbMG2kIc/vJvl+f65V22dbkXbowE6jgT/gNBxE=
github.com/guregu/dynamo v1.11.0 h1:seaF0lZsUKKo4oA+yPDGIb+tqydj3VWEEnvkUwOZ7yY=
github.com/guregu/dynamo v1.11.0/go.mod h1:h8dDh87mKIRfkSId4Qdk3PjAsNtRrldrNw72B/lHW0s=
github.com/jmespath/go-jmespath v0.4.0 h1:BEgLn5cpjn8UN1mAw4NjwDrS35OdebyEtFe+9YPoQUg=
github.com/jmespath/go-jmespath v0.4.0/go.mod h1:T8mJZnbsbmF+m6zOOFylbeCJqk5+pHWvzYPziyZiYoo=
github.com/jmespath/go-jmespath/internal/testify v1.5.1/go.mod h1:L3OGu8Wl2/fWfCI6z80xFu9LTZmf1ZRjMHUOPmWr69U=
github.com/klauspost/compress v1.13.4/go.mod h1:8dP1Hq4DHOhN9w426knH3Rhby4rFm6D8eO+e+Dq5Gzg=
github.com/klauspost/compress v1.13.5 h1:9O69jUPDcsT9fEm74W92rZL9FQY7rCdaXVneq+yyzl4=
github.com/klauspost/compress v1.13.5/go.mod h1:/3/Vjq9QcHkK5uEr5lBEmyoZ1iFhe47etQ6QUkpK6sk=
github.com/kochie/aws-dax-go v1.2.8-0.20210606022114-926ae2149af1 h1:DQ03TF9jhtuABXSbCfDY1FkbsqyX13P+parz9P2w5hA=
github.com/kochie/aws-dax-go v1.2.8-0.20210606022114-926ae2149af1/go.mod h1:vMVrcnJEn2tOjofa2ffuq3bTgzEd162uBK7IQngZuQc=
github.com/pkg/errors v0.9.1/go.mod h1:bwawxfHBFNV+L2hUp1rHADufV3IMtnDRdf1r5NINEl0=
github.com/pmezard/go-difflib v1.0.0/go.mod h1:iKH77koFhYxTK1pcRnkKkqfTogsbg7gZNVY4sRDYZ/4=
github.com/stretchr/objx v0.1.0/go.mod h1:HFkY916IF+rwdDfMAkV7OtwuqBVzrE8GR6GFx+wExME=
github.com/stretchr/testify v1.5.1/go.mod h1:5W2xD1RspED5o8YsWQXVCued0rvSQ+mT+I5cxcmMvtA=
github.com/valyala/bytebufferpool v1.0.0 h1:GqA5TC/0021Y/b9FG4Oi9Mr3q7XYx6KllzawFIhcdPw=
github.com/valyala/bytebufferpool v1.0.0/go.mod h1:6bBcMArwyJ5K/AmCkWv1jt77kVWyCJ6HpOuEn7z0Csc=
github.com/valyala/fasthttp v1.29.0 h1:F5GKpytwFk5OhCuRh6H+d4vZAcEeNAwPTdwQnm6IERY=
github.com/valyala/fasthttp v1.29.0/go.mod h1:2rsYD01CKFrjjsvFxx75KlEUNpWNBY9JWD3K/7o2Cus=
github.com/valyala/tcplisten v1.0.0 h1:rBHj/Xf+E1tRGZyWIWwJDiRY0zc1Js+CV5DqwacVSA8=
github.com/valyala/tcplisten v1.0.0/go.mod h1:T0xQ8SeCZGxckz9qRXTfG43PvQ/mcWh7FwZEA7Ioqkc=
golang.org/x/crypto v0.0.0-20190308221718-c2843e01d9a2/go.mod h1:djNgcEr1/C05ACkg1iLfiJU5Ep61QUkGW8qpdssI0+w=
golang.org/x/crypto v0.0.0-20200622213623-75b288015ac9/go.mod h1:LzIPMQfyMNhhGPhUkYOs5KpL4U8rLKemX1yGLhDgUto=
golang.org/x/crypto v0.0.0-20210513164829-c07d793c2f9a/go.mod h1:P+XmwS30IXTQdn5tA2iutPOUgjI07+tq3H3K9MVA1s8=
golang.org/x/net v0.0.0-20190404232315-eb5bcb51f2a3/go.mod h1:t9HGtf8HONx5eT2rtn7q6eTqICYqUVnKs3thJo3Qplg=
golang.org/x/net v0.0.0-20201110031124-69a78807bb2b/go.mod h1:sp8m0HH+o8qH0wwXwYZr8TS3Oi6o0r6Gce1SSxlDquU=
golang.org/x/net v0.0.0-20210226172049-e18ecbb05110/go.mod h1:m0MpNAwzfU5UDzcl9v0D8zg8gWTRqZa9RBIspLL5mdg=
golang.org/x/net v0.0.0-20210510120150-4163338589ed h1:p9UgmWI9wKpfYmgaV/IZKGdXc5qEK45tDwwwDyjS26I=
golang.org/x/net v0.0.0-20210510120150-4163338589ed/go.mod h1:9nx3DQGgdP8bBQD5qxJ1jj9UTztislL4KSBs9R2vV5Y=
golang.org/x/sys v0.0.0-20190215142949-d0b11bdaac8a/go.mod h1:STP8DvDyc/dI5b8T5hshtkjS+E42TnysNCUPdjciGhY=
golang.org/x/sys v0.0.0-20190412213103-97732733099d/go.mod h1:h1NjWce9XRLGQEsW7wpKNCjG9DtNlClVuFLEZdDNbEs=
golang.org/x/sys v0.0.0-20200930185726-fdedc70b468f/go.mod h1:h1NjWce9XRLGQEsW7wpKNCjG9DtNlClVuFLEZdDNbEs=
golang.org/x/sys v0.0.0-20201119102817-f84b799fce68/go.mod h1:h1NjWce9XRLGQEsW7wpKNCjG9DtNlClVuFLEZdDNbEs=
golang.org/x/sys v0.0.0-20210423082822-04245dca01da/go.mod h1:h1NjWce9XRLGQEsW7wpKNCjG9DtNlClVuFLEZdDNbEs=
golang.org/x/sys v0.0.0-20210514084401-e8d321eab015/go.mod h1:oPkhp1MJrh7nUepCBck5+mAzfO9JrbApNNgaTdGDITg=
golang.org/x/sys v0.0.0-20210823070655-63515b42dcdf h1:2ucpDCmfkl8Bd/FsLtiD653Wf96cW37s+iGx93zsu4k=
golang.org/x/sys v0.0.0-20210823070655-63515b42dcdf/go.mod h1:oPkhp1MJrh7nUepCBck5+mAzfO9JrbApNNgaTdGDITg=
golang.org/x/term v0.0.0-20201126162022-7de9c90e9dd1/go.mod h1:bj7SfCRtBDWHUb9snDiAeCFNEtKQo2Wmx5Cou7ajbmo=
golang.org/x/text v0.3.0/go.mod h1:NqM8EUOU14njkJ3fqMW+pc6Ldnwhi/IjpwHt7yyuwOQ=
golang.org/x/text v0.3.3/go.mod h1:5Zoc/QRtKVWzQhOtBMvqHzDpF6irO9z98xDceosuGiQ=
golang.org/x/text v0.3.6/go.mod h1:5Zoc/QRtKVWzQhOtBMvqHzDpF6irO9z98xDceosuGiQ=
golang.org/x/tools v0.0.0-20180917221912-90fa682c2a6e/go.mod h1:n7NCudcB/nEzxVGmLbDWY5pfWTLqBcC2KZ6jyYvM4mQ=
golang.org/x/xerrors v0.0.0-20191204190536-9bdfabe68543/go.mod h1:I/5z698sn9Ka8TeJc9MKroUUfqBBauWjQqLJ2OPfmY0=
gopkg.in/check.v1 v0.0.0-20161208181325-20d25e280405/go.mod h1:Co6ibVJAznAaIkqp8huTwlJQCZ016jof/cbN4VW5Yz0=
gopkg.in/yaml.v2 v2.2.2/go.mod h1:hI93XBmqTisBFMUTm0b8Fm+jr3Dg1NNxqwp+5A1VGuI=
gopkg.in/yaml.v2 v2.2.8/go.mod h1:hI93XBmqTisBFMUTm0b8Fm+jr3Dg1NNxqwp+5A1VGuI=
